{
  "nodes": {
    "nixpkgs": {
      "locked": {
        "lastModified": 1631830867,
        "narHash": "sha256-7mas4nl6KnK59i+mlNVrIgR/cOrToU9M1C9waOkRFJE=",
        "owner": "nixos",
        "repo": "nixpkgs",
        "rev": "ebf419e737bb8154b32010a322dcdffbea596443",
        "type": "github"
      },
      "original": {
        "owner": "nixos",
        "ref": "release-21.05",
        "repo": "nixpkgs",
        "type": "github"
      }
    },
    "root": {
      "inputs": {
        "nixpkgs": "nixpkgs"
      }
    }
  },
  "root": "root",
  "version": 7
}
