{
  "nodes": {
    "dns-heaven": {
      "flake": false,
      "locked": {
        "lastModified": 1592461594,
        "narHash": "sha256-b8oWS9nnoksvAfQMJFXTKqxIGJhIa/Fgtqz3btEBhPQ=",
        "owner": "jduepmeier",
        "repo": "dns-heaven",
        "rev": "3a38e6cb0430753b579490b8bd4652e3fda5fc5d",
        "type": "github"
      },
      "original": {
        "owner": "jduepmeier",
        "repo": "dns-heaven",
        "rev": "3a38e6cb0430753b579490b8bd4652e3fda5fc5d",
        "type": "github"
      }
    },
    "flake-utils": {
      "locked": {
        "lastModified": 1656928814,
        "narHash": "sha256-RIFfgBuKz6Hp89yRr7+NR5tzIAbn52h8vT6vXkYjZoM=",
        "owner": "numtide",
        "repo": "flake-utils",
        "rev": "7e2a3b3dfd9af950a856d66b0a7d01e3c18aa249",
        "type": "github"
      },
      "original": {
        "owner": "numtide",
        "repo": "flake-utils",
        "type": "github"
      }
    },
    "home-manager": {
      "inputs": {
        "nixpkgs": [
          "nixpkgs"
        ],
        "utils": "utils"
      },
      "locked": {
        "lastModified": 1657887110,
        "narHash": "sha256-8VV0/kZed2z8fGtEc2zr+WLxTow+JTIlMjnSisyv0GQ=",
        "owner": "nix-community",
        "repo": "home-manager",
        "rev": "4c5106ed0f3168ff2df21b646aef67e86cbfc11c",
        "type": "github"
      },
      "original": {
        "owner": "nix-community",
        "repo": "home-manager",
        "type": "github"
      }
    },
    "nix-darwin": {
      "inputs": {
        "nixpkgs": [
          "nixpkgs"
        ]
      },
      "locked": {
        "lastModified": 1657835815,
        "narHash": "sha256-CnZszAYpNKydh6N7+xg+eRtWNVoAAGqc6bg+Lpgq1xc=",
        "owner": "lnl7",
        "repo": "nix-darwin",
        "rev": "54a24f042f93c79f5679f133faddedec61955cf2",
        "type": "github"
      },
      "original": {
        "owner": "lnl7",
        "repo": "nix-darwin",
        "type": "github"
      }
    },
    "nixGL": {
      "flake": false,
      "locked": {
        "lastModified": 1656321324,
        "narHash": "sha256-Sz0uWspqvshGFbT+XmRVVayuW514rNNLLvrre8jBLLU=",
        "owner": "guibou",
        "repo": "nixGL",
        "rev": "047a34b2f087e2e3f93d43df8e67ada40bf70e5c",
        "type": "github"
      },
      "original": {
        "owner": "guibou",
        "repo": "nixGL",
        "type": "github"
      }
    },
    "nixpkgs": {
      "locked": {
        "lastModified": 1658075259,
        "narHash": "sha256-MJR7YRmWRJGA2PhG63kTxd7GmE5YvM3AhdN1YDyJ8jM=",
        "owner": "nixos",
        "repo": "nixpkgs",
        "rev": "c490f57e189fdb4f19d4eb9c930caf0c3afa28e1",
        "type": "github"
      },
      "original": {
        "owner": "nixos",
        "repo": "nixpkgs",
        "type": "github"
      }
    },
    "nixpkgs-unstable": {
      "locked": {
        "lastModified": 1658075259,
        "narHash": "sha256-MJR7YRmWRJGA2PhG63kTxd7GmE5YvM3AhdN1YDyJ8jM=",
        "owner": "nixos",
        "repo": "nixpkgs",
        "rev": "c490f57e189fdb4f19d4eb9c930caf0c3afa28e1",
        "type": "github"
      },
      "original": {
        "owner": "nixos",
        "repo": "nixpkgs",
        "type": "github"
      }
    },
    "root": {
      "inputs": {
        "dns-heaven": "dns-heaven",
        "flake-utils": "flake-utils",
        "home-manager": "home-manager",
        "nix-darwin": "nix-darwin",
        "nixGL": "nixGL",
        "nixpkgs": "nixpkgs",
        "nixpkgs-unstable": "nixpkgs-unstable"
      }
    },
    "utils": {
      "locked": {
        "lastModified": 1653893745,
        "narHash": "sha256-0jntwV3Z8//YwuOjzhV2sgJJPt+HY6KhU7VZUL0fKZQ=",
        "owner": "numtide",
        "repo": "flake-utils",
        "rev": "1ed9fb1935d260de5fe1c2f7ee0ebaae17ed2fa1",
        "type": "github"
      },
      "original": {
        "owner": "numtide",
        "repo": "flake-utils",
        "type": "github"
      }
    }
  },
  "root": "root",
  "version": 7
}
