{
  "nodes": {
    "dns-heaven": {
      "flake": false,
      "locked": {
        "lastModified": 1592461594,
        "narHash": "sha256-b8oWS9nnoksvAfQMJFXTKqxIGJhIa/Fgtqz3btEBhPQ=",
        "owner": "jduepmeier",
        "repo": "dns-heaven",
        "rev": "3a38e6cb0430753b579490b8bd4652e3fda5fc5d",
        "type": "github"
      },
      "original": {
        "owner": "jduepmeier",
        "repo": "dns-heaven",
        "rev": "3a38e6cb0430753b579490b8bd4652e3fda5fc5d",
        "type": "github"
      }
    },
    "flake-utils": {
      "locked": {
        "lastModified": 1648297722,
        "narHash": "sha256-W+qlPsiZd8F3XkzXOzAoR+mpFqzm3ekQkJNa+PIh1BQ=",
        "owner": "numtide",
        "repo": "flake-utils",
        "rev": "0f8662f1319ad6abf89b3380dd2722369fc51ade",
        "type": "github"
      },
      "original": {
        "owner": "numtide",
        "repo": "flake-utils",
        "type": "github"
      }
    },
    "home-manager": {
      "inputs": {
        "nixpkgs": [
          "nixpkgs"
        ]
      },
      "locked": {
        "lastModified": 1648366999,
        "narHash": "sha256-Sdm0lI2ZBc70EnMMmvfDVY7gIM3M4c2L86EdQ9tKRE4=",
        "owner": "nix-community",
        "repo": "home-manager",
        "rev": "888eac32bd657bfe0d024c8770130d80d1c02cd3",
        "type": "github"
      },
      "original": {
        "owner": "nix-community",
        "repo": "home-manager",
        "type": "github"
      }
    },
    "nix-darwin": {
      "inputs": {
        "nixpkgs": [
          "nixpkgs"
        ]
      },
      "locked": {
        "lastModified": 1648278671,
        "narHash": "sha256-1WrR9ex+rKTjZtODNUZQhkWYUprtfOkjOyo9YWL2NMs=",
        "owner": "lnl7",
        "repo": "nix-darwin",
        "rev": "4fdbb8168f61d31d3f90bb0d07f48de709c4fe79",
        "type": "github"
      },
      "original": {
        "owner": "lnl7",
        "repo": "nix-darwin",
        "type": "github"
      }
    },
    "nixGL": {
      "flake": false,
      "locked": {
        "lastModified": 1644013836,
        "narHash": "sha256-8J6HqBr8+JlZzjyMV8FrCS6ZI6rHo1pTMPilSBf6TaE=",
        "owner": "guibou",
        "repo": "nixGL",
        "rev": "17658df1e17a64bc23ee5c93cfa9e8b663a4ac81",
        "type": "github"
      },
      "original": {
        "owner": "guibou",
        "repo": "nixGL",
        "type": "github"
      }
    },
    "nixpkgs": {
      "locked": {
        "lastModified": 1648586539,
        "narHash": "sha256-eQgRqWs1BBFmOfiuhj4JbAd+vOYqgGYU7VP6WrNcAuQ=",
        "owner": "nixos",
        "repo": "nixpkgs",
        "rev": "4c5634b6900db0a64ddf4036ceeee53a01126507",
        "type": "github"
      },
      "original": {
        "owner": "nixos",
        "repo": "nixpkgs",
        "type": "github"
      }
    },
    "nixpkgs-unstable": {
      "locked": {
        "lastModified": 1648586539,
        "narHash": "sha256-eQgRqWs1BBFmOfiuhj4JbAd+vOYqgGYU7VP6WrNcAuQ=",
        "owner": "nixos",
        "repo": "nixpkgs",
        "rev": "4c5634b6900db0a64ddf4036ceeee53a01126507",
        "type": "github"
      },
      "original": {
        "owner": "nixos",
        "repo": "nixpkgs",
        "type": "github"
      }
    },
    "root": {
      "inputs": {
        "dns-heaven": "dns-heaven",
        "flake-utils": "flake-utils",
        "home-manager": "home-manager",
        "nix-darwin": "nix-darwin",
        "nixGL": "nixGL",
        "nixpkgs": "nixpkgs",
        "nixpkgs-unstable": "nixpkgs-unstable"
      }
    }
  },
  "root": "root",
  "version": 7
}
